
Microsoft Visual Studio Solution File, Format Version 12.00
# Visual Studio Version 16
VisualStudioVersion = 16.0.30330.147
MinimumVisualStudioVersion = 10.0.40219.1
Project("{FAE04EC0-301F-11D3-BF4B-00C04F79EFBC}") = "ShoppingSystem", "ShoppingSystem\ShoppingSystem.csproj", "{F1AAD2AC-0B02-44DC-B8BC-DAC0CC2724FE}"
EndProject
Global
	GlobalSection(SolutionConfigurationPlatforms) = preSolution
		Debug|Any CPU = Debug|Any CPU
		Release|Any CPU = Release|Any CPU
	EndGlobalSection
	GlobalSection(ProjectConfigurationPlatforms) = postSolution
		{F1AAD2AC-0B02-44DC-B8BC-DAC0CC2724FE}.Debug|Any CPU.ActiveCfg = Debug|Any CPU
		{F1AAD2AC-0B02-44DC-B8BC-DAC0CC2724FE}.Debug|Any CPU.Build.0 = Debug|Any CPU
		{F1AAD2AC-0B02-44DC-B8BC-DAC0CC2724FE}.Release|Any CPU.ActiveCfg = Release|Any CPU
		{F1AAD2AC-0B02-44DC-B8BC-DAC0CC2724FE}.Release|Any CPU.Build.0 = Release|Any CPU
	EndGlobalSection
	GlobalSection(SolutionProperties) = preSolution
		HideSolutionNode = FALSE
	EndGlobalSection
	GlobalSection(ExtensibilityGlobals) = postSolution
		SolutionGuid = {597FDC91-EFA7-4F66-BA6E-F3A21DE09B24}
	EndGlobalSection
EndGlobal
